// !$*UTF8*$!
{
	archiveVersion = 1;
	classes = {
	};
	objectVersion = 46;
	objects = {

/* Begin PBXBuildFile section */
		EBD058321A28F86B00001948 /* main.m in Sources */ = {isa = PBXBuildFile; fileRef = EBD058311A28F86B00001948 /* main.m */; };
		EBD058351A28F86B00001948 /* AppDelegate.m in Sources */ = {isa = PBXBuildFile; fileRef = EBD058341A28F86B00001948 /* AppDelegate.m */; };
		EBD058381A28F86B00001948 /* DemoAudioPlayer.xcdatamodeld in Sources */ = {isa = PBXBuildFile; fileRef = EBD058361A28F86B00001948 /* DemoAudioPlayer.xcdatamodeld */; };
		EBD0583B1A28F86B00001948 /* ViewController.m in Sources */ = {isa = PBXBuildFile; fileRef = EBD0583A1A28F86B00001948 /* ViewController.m */; };
		EBD0583E1A28F86B00001948 /* Main.storyboard in Resources */ = {isa = PBXBuildFile; fileRef = EBD0583C1A28F86B00001948 /* Main.storyboard */; };
		EBD058401A28F86B00001948 /* Images.xcassets in Resources */ = {isa = PBXBuildFile; fileRef = EBD0583F1A28F86B00001948 /* Images.xcassets */; };
		EBD058431A28F86B00001948 /* LaunchScreen.xib in Resources */ = {isa = PBXBuildFile; fileRef = EBD058411A28F86B00001948 /* LaunchScreen.xib */; };
		EBD0584F1A28F86B00001948 /* DemoAudioPlayerTests.m in Sources */ = {isa = PBXBuildFile; fileRef = EBD0584E1A28F86B00001948 /* DemoAudioPlayerTests.m */; };
		EBD058631A28F88E00001948 /* CPAudioPlayer.mm in Sources */ = {isa = PBXBuildFile; fileRef = EBD0585A1A28F88E00001948 /* CPAudioPlayer.mm */; };
		EBD058641A28F88E00001948 /* CPBandEqulizer.m in Sources */ = {isa = PBXBuildFile; fileRef = EBD0585C1A28F88E00001948 /* CPBandEqulizer.m */; };
		EBD058651A28F88E00001948 /* CPReverbEngine.m in Sources */ = {isa = PBXBuildFile; fileRef = EBD0585E1A28F88E00001948 /* CPReverbEngine.m */; };
		EBD058661A28F88E00001948 /* CPUtils.c in Sources */ = {isa = PBXBuildFile; fileRef = EBD0585F1A28F88E00001948 /* CPUtils.c */; };
		EBD058671A28F88E00001948 /* CPUtlities.m in Sources */ = {isa = PBXBuildFile; fileRef = EBD058621A28F88E00001948 /* CPUtlities.m */; };
/* End PBXBuildFile section */

/* Begin PBXContainerItemProxy section */
		EBD058491A28F86B00001948 /* PBXContainerItemProxy */ = {
			isa = PBXContainerItemProxy;
			containerPortal = EBD058241A28F86B00001948 /* Project object */;
			proxyType = 1;
			remoteGlobalIDString = EBD0582B1A28F86B00001948;
			remoteInfo = DemoAudioPlayer;
		};
/* End PBXContainerItemProxy section */

/* Begin PBXFileReference section */
		EBD0582C1A28F86B00001948 /* DemoAudioPlayer.app */ = {isa = PBXFileReference; explicitFileType = wrapper.application; includeInIndex = 0; path = DemoAudioPlayer.app; sourceTree = BUILT_PRODUCTS_DIR; };
		EBD058301A28F86B00001948 /* Info.plist */ = {isa = PBXFileReference; lastKnownFileType = text.plist.xml; path = Info.plist; sourceTree = "<group>"; };
		EBD058311A28F86B00001948 /* main.m */ = {isa = PBXFileReference; lastKnownFileType = sourcecode.c.objc; path = main.m; sourceTree = "<group>"; };
		EBD058331A28F86B00001948 /* AppDelegate.h */ = {isa = PBXFileReference; lastKnownFileType = sourcecode.c.h; path = AppDelegate.h; sourceTree = "<group>"; };
		EBD058341A28F86B00001948 /* AppDelegate.m */ = {isa = PBXFileReference; lastKnownFileType = sourcecode.c.objc; path = AppDelegate.m; sourceTree = "<group>"; };
		EBD058371A28F86B00001948 /* DemoAudioPlayer.xcdatamodel */ = {isa = PBXFileReference; lastKnownFileType = wrapper.xcdatamodel; path = DemoAudioPlayer.xcdatamodel; sourceTree = "<group>"; };
		EBD058391A28F86B00001948 /* ViewController.h */ = {isa = PBXFileReference; lastKnownFileType = sourcecode.c.h; path = ViewController.h; sourceTree = "<group>"; };
		EBD0583A1A28F86B00001948 /* ViewController.m */ = {isa = PBXFileReference; lastKnownFileType = sourcecode.c.objc; path = ViewController.m; sourceTree = "<group>"; };
		EBD0583D1A28F86B00001948 /* Base */ = {isa = PBXFileReference; lastKnownFileType = file.storyboard; name = Base; path = Base.lproj/Main.storyboard; sourceTree = "<group>"; };
		EBD0583F1A28F86B00001948 /* Images.xcassets */ = {isa = PBXFileReference; lastKnownFileType = folder.assetcatalog; path = Images.xcassets; sourceTree = "<group>"; };
		EBD058421A28F86B00001948 /* Base */ = {isa = PBXFileReference; lastKnownFileType = file.xib; name = Base; path = Base.lproj/LaunchScreen.xib; sourceTree = "<group>"; };
		EBD058481A28F86B00001948 /* DemoAudioPlayerTests.xctest */ = {isa = PBXFileReference; explicitFileType = wrapper.cfbundle; includeInIndex = 0; path = DemoAudioPlayerTests.xctest; sourceTree = BUILT_PRODUCTS_DIR; };
		EBD0584D1A28F86B00001948 /* Info.plist */ = {isa = PBXFileReference; lastKnownFileType = text.plist.xml; path = Info.plist; sourceTree = "<group>"; };
		EBD0584E1A28F86B00001948 /* DemoAudioPlayerTests.m */ = {isa = PBXFileReference; lastKnownFileType = sourcecode.c.objc; path = DemoAudioPlayerTests.m; sourceTree = "<group>"; };
		EBD058591A28F88E00001948 /* CPAudioPlayer.h */ = {isa = PBXFileReference; fileEncoding = 4; lastKnownFileType = sourcecode.c.h; path = CPAudioPlayer.h; sourceTree = "<group>"; };
		EBD0585A1A28F88E00001948 /* CPAudioPlayer.mm */ = {isa = PBXFileReference; fileEncoding = 4; lastKnownFileType = sourcecode.cpp.objcpp; path = CPAudioPlayer.mm; sourceTree = "<group>"; };
		EBD0585B1A28F88E00001948 /* CPBandEqulizer.h */ = {isa = PBXFileReference; fileEncoding = 4; lastKnownFileType = sourcecode.c.h; path = CPBandEqulizer.h; sourceTree = "<group>"; };
		EBD0585C1A28F88E00001948 /* CPBandEqulizer.m */ = {isa = PBXFileReference; fileEncoding = 4; lastKnownFileType = sourcecode.c.objc; path = CPBandEqulizer.m; sourceTree = "<group>"; };
		EBD0585D1A28F88E00001948 /* CPReverbEngine.h */ = {isa = PBXFileReference; fileEncoding = 4; lastKnownFileType = sourcecode.c.h; path = CPReverbEngine.h; sourceTree = "<group>"; };
		EBD0585E1A28F88E00001948 /* CPReverbEngine.m */ = {isa = PBXFileReference; fileEncoding = 4; lastKnownFileType = sourcecode.c.objc; path = CPReverbEngine.m; sourceTree = "<group>"; };
		EBD0585F1A28F88E00001948 /* CPUtils.c */ = {isa = PBXFileReference; fileEncoding = 4; lastKnownFileType = sourcecode.c.c; path = CPUtils.c; sourceTree = "<group>"; };
		EBD058601A28F88E00001948 /* CPUtils.h */ = {isa = PBXFileReference; fileEncoding = 4; lastKnownFileType = sourcecode.c.h; path = CPUtils.h; sourceTree = "<group>"; };
		EBD058611A28F88E00001948 /* CPUtlities.h */ = {isa = PBXFileReference; fileEncoding = 4; lastKnownFileType = sourcecode.c.h; path = CPUtlities.h; sourceTree = "<group>"; };
		EBD058621A28F88E00001948 /* CPUtlities.m */ = {isa = PBXFileReference; fileEncoding = 4; lastKnownFileType = sourcecode.c.objc; path = CPUtlities.m; sourceTree = "<group>"; };
/* End PBXFileReference section */

/* Begin PBXFrameworksBuildPhase section */
		EBD058291A28F86B00001948 /* Frameworks */ = {
			isa = PBXFrameworksBuildPhase;
			buildActionMask = 2147483647;
			files = (
			);
			runOnlyForDeploymentPostprocessing = 0;
		};
		EBD058451A28F86B00001948 /* Frameworks */ = {
			isa = PBXFrameworksBuildPhase;
			buildActionMask = 2147483647;
			files = (
			);
			runOnlyForDeploymentPostprocessing = 0;
		};
/* End PBXFrameworksBuildPhase section */

/* Begin PBXGroup section */
		EBD058231A28F86B00001948 = {
			isa = PBXGroup;
			children = (
				EBD058581A28F88E00001948 /* CPAudioPlayer */,
				EBD0582E1A28F86B00001948 /* DemoAudioPlayer */,
				EBD0584B1A28F86B00001948 /* DemoAudioPlayerTests */,
				EBD0582D1A28F86B00001948 /* Products */,
			);
			sourceTree = "<group>";
		};
		EBD0582D1A28F86B00001948 /* Products */ = {
			isa = PBXGroup;
			children = (
				EBD0582C1A28F86B00001948 /* DemoAudioPlayer.app */,
				EBD058481A28F86B00001948 /* DemoAudioPlayerTests.xctest */,
			);
			name = Products;
			sourceTree = "<group>";
		};
		EBD0582E1A28F86B00001948 /* DemoAudioPlayer */ = {
			isa = PBXGroup;
			children = (
				EBD058331A28F86B00001948 /* AppDelegate.h */,
				EBD058341A28F86B00001948 /* AppDelegate.m */,
				EBD058391A28F86B00001948 /* ViewController.h */,
				EBD0583A1A28F86B00001948 /* ViewController.m */,
				EBD0583C1A28F86B00001948 /* Main.storyboard */,
				EBD0583F1A28F86B00001948 /* Images.xcassets */,
				EBD058411A28F86B00001948 /* LaunchScreen.xib */,
				EBD058361A28F86B00001948 /* DemoAudioPlayer.xcdatamodeld */,
				EBD0582F1A28F86B00001948 /* Supporting Files */,
			);
			path = DemoAudioPlayer;
			sourceTree = "<group>";
		};
		EBD0582F1A28F86B00001948 /* Supporting Files */ = {
			isa = PBXGroup;
			children = (
				EBD058301A28F86B00001948 /* Info.plist */,
				EBD058311A28F86B00001948 /* main.m */,
			);
			name = "Supporting Files";
			sourceTree = "<group>";
		};
		EBD0584B1A28F86B00001948 /* DemoAudioPlayerTests */ = {
			isa = PBXGroup;
			children = (
				EBD0584E1A28F86B00001948 /* DemoAudioPlayerTests.m */,
				EBD0584C1A28F86B00001948 /* Supporting Files */,
			);
			path = DemoAudioPlayerTests;
			sourceTree = "<group>";
		};
		EBD0584C1A28F86B00001948 /* Supporting Files */ = {
			isa = PBXGroup;
			children = (
				EBD0584D1A28F86B00001948 /* Info.plist */,
			);
			name = "Supporting Files";
			sourceTree = "<group>";
		};
		EBD058581A28F88E00001948 /* CPAudioPlayer */ = {
			isa = PBXGroup;
			children = (
				EBD058591A28F88E00001948 /* CPAudioPlayer.h */,
				EBD0585A1A28F88E00001948 /* CPAudioPlayer.mm */,
				EBD0585B1A28F88E00001948 /* CPBandEqulizer.h */,
				EBD0585C1A28F88E00001948 /* CPBandEqulizer.m */,
				EBD0585D1A28F88E00001948 /* CPReverbEngine.h */,
				EBD0585E1A28F88E00001948 /* CPReverbEngine.m */,
				EBD0585F1A28F88E00001948 /* CPUtils.c */,
				EBD058601A28F88E00001948 /* CPUtils.h */,
				EBD058611A28F88E00001948 /* CPUtlities.h */,
				EBD058621A28F88E00001948 /* CPUtlities.m */,
			);
			name = CPAudioPlayer;
			path = ../../CPAudioPlayer;
			sourceTree = "<group>";
		};
/* End PBXGroup section */

/* Begin PBXNativeTarget section */
		EBD0582B1A28F86B00001948 /* DemoAudioPlayer */ = {
			isa = PBXNativeTarget;
			buildConfigurationList = EBD058521A28F86C00001948 /* Build configuration list for PBXNativeTarget "DemoAudioPlayer" */;
			buildPhases = (
				EBD058281A28F86B00001948 /* Sources */,
				EBD058291A28F86B00001948 /* Frameworks */,
				EBD0582A1A28F86B00001948 /* Resources */,
			);
			buildRules = (
			);
			dependencies = (
			);
			name = DemoAudioPlayer;
			productName = DemoAudioPlayer;
			productReference = EBD0582C1A28F86B00001948 /* DemoAudioPlayer.app */;
			productType = "com.apple.product-type.application";
		};
		EBD058471A28F86B00001948 /* DemoAudioPlayerTests */ = {
			isa = PBXNativeTarget;
			buildConfigurationList = EBD058551A28F86C00001948 /* Build configuration list for PBXNativeTarget "DemoAudioPlayerTests" */;
			buildPhases = (
				EBD058441A28F86B00001948 /* Sources */,
				EBD058451A28F86B00001948 /* Frameworks */,
				EBD058461A28F86B00001948 /* Resources */,
			);
			buildRules = (
			);
			dependencies = (
				EBD0584A1A28F86B00001948 /* PBXTargetDependency */,
			);
			name = DemoAudioPlayerTests;
			productName = DemoAudioPlayerTests;
			productReference = EBD058481A28F86B00001948 /* DemoAudioPlayerTests.xctest */;
			productType = "com.apple.product-type.bundle.unit-test";
		};
/* End PBXNativeTarget section */

/* Begin PBXProject section */
		EBD058241A28F86B00001948 /* Project object */ = {
			isa = PBXProject;
			attributes = {
				LastUpgradeCheck = 0610;
				ORGANIZATIONNAME = Rapido;
				TargetAttributes = {
					EBD0582B1A28F86B00001948 = {
						CreatedOnToolsVersion = 6.1;
					};
					EBD058471A28F86B00001948 = {
						CreatedOnToolsVersion = 6.1;
						TestTargetID = EBD0582B1A28F86B00001948;
					};
				};
			};
			buildConfigurationList = EBD058271A28F86B00001948 /* Build configuration list for PBXProject "DemoAudioPlayer" */;
			compatibilityVersion = "Xcode 3.2";
			developmentRegion = English;
			hasScannedForEncodings = 0;
			knownRegions = (
				en,
				Base,
			);
			mainGroup = EBD058231A28F86B00001948;
			productRefGroup = EBD0582D1A28F86B00001948 /* Products */;
			projectDirPath = "";
			projectRoot = "";
			targets = (
				EBD0582B1A28F86B00001948 /* DemoAudioPlayer */,
				EBD058471A28F86B00001948 /* DemoAudioPlayerTests */,
			);
		};
/* End PBXProject section */

/* Begin PBXResourcesBuildPhase section */
		EBD0582A1A28F86B00001948 /* Resources */ = {
			isa = PBXResourcesBuildPhase;
			buildActionMask = 2147483647;
			files = (
				EBD0583E1A28F86B00001948 /* Main.storyboard in Resources */,
				EBD058431A28F86B00001948 /* LaunchScreen.xib in Resources */,
				EBD058401A28F86B00001948 /* Images.xcassets in Resources */,
			);
			runOnlyForDeploymentPostprocessing = 0;
		};
		EBD058461A28F86B00001948 /* Resources */ = {
			isa = PBXResourcesBuildPhase;
			buildActionMask = 2147483647;
			files = (
			);
			runOnlyForDeploymentPostprocessing = 0;
		};
/* End PBXResourcesBuildPhase section */

/* Begin PBXSourcesBuildPhase section */
		EBD058281A28F86B00001948 /* Sources */ = {
			isa = PBXSourcesBuildPhase;
			buildActionMask = 2147483647;
			files = (
				EBD058671A28F88E00001948 /* CPUtlities.m in Sources */,
				EBD058651A28F88E00001948 /* CPReverbEngine.m in Sources */,
				EBD058631A28F88E00001948 /* CPAudioPlayer.mm in Sources */,
				EBD058351A28F86B00001948 /* AppDelegate.m in Sources */,
				EBD058641A28F88E00001948 /* CPBandEqulizer.m in Sources */,
				EBD058381A28F86B00001948 /* DemoAudioPlayer.xcdatamodeld in Sources */,
				EBD0583B1A28F86B00001948 /* ViewController.m in Sources */,
				EBD058661A28F88E00001948 /* CPUtils.c in Sources */,
				EBD058321A28F86B00001948 /* main.m in Sources */,
			);
			runOnlyForDeploymentPostprocessing = 0;
		};
		EBD058441A28F86B00001948 /* Sources */ = {
			isa = PBXSourcesBuildPhase;
			buildActionMask = 2147483647;
			files = (
				EBD0584F1A28F86B00001948 /* DemoAudioPlayerTests.m in Sources */,
			);
			runOnlyForDeploymentPostprocessing = 0;
		};
/* End PBXSourcesBuildPhase section */

/* Begin PBXTargetDependency section */
		EBD0584A1A28F86B00001948 /* PBXTargetDependency */ = {
			isa = PBXTargetDependency;
			target = EBD0582B1A28F86B00001948 /* DemoAudioPlayer */;
			targetProxy = EBD058491A28F86B00001948 /* PBXContainerItemProxy */;
		};
/* End PBXTargetDependency section */

/* Begin PBXVariantGroup section */
		EBD0583C1A28F86B00001948 /* Main.storyboard */ = {
			isa = PBXVariantGroup;
			children = (
				EBD0583D1A28F86B00001948 /* Base */,
			);
			name = Main.storyboard;
			sourceTree = "<group>";
		};
		EBD058411A28F86B00001948 /* LaunchScreen.xib */ = {
			isa = PBXVariantGroup;
			children = (
				EBD058421A28F86B00001948 /* Base */,
			);
			name = LaunchScreen.xib;
			sourceTree = "<group>";
		};
/* End PBXVariantGroup section */

/* Begin XCBuildConfiguration section */
		EBD058501A28F86B00001948 /* Debug */ = {
			isa = XCBuildConfiguration;
			buildSettings = {
				ALWAYS_SEARCH_USER_PATHS = NO;
				CLANG_CXX_LANGUAGE_STANDARD = "gnu++0x";
				CLANG_CXX_LIBRARY = "libc++";
				CLANG_ENABLE_MODULES = YES;
				CLANG_ENABLE_OBJC_ARC = YES;
				CLANG_WARN_BOOL_CONVERSION = YES;
				CLANG_WARN_CONSTANT_CONVERSION = YES;
				CLANG_WARN_DIRECT_OBJC_ISA_USAGE = YES_ERROR;
				CLANG_WARN_EMPTY_BODY = YES;
				CLANG_WARN_ENUM_CONVERSION = YES;
				CLANG_WARN_INT_CONVERSION = YES;
				CLANG_WARN_OBJC_ROOT_CLASS = YES_ERROR;
				CLANG_WARN_UNREACHABLE_CODE = YES;
				CLANG_WARN__DUPLICATE_METHOD_MATCH = YES;
				"CODE_SIGN_IDENTITY[sdk=iphoneos*]" = "iPhone Developer";
				COPY_PHASE_STRIP = NO;
				ENABLE_STRICT_OBJC_MSGSEND = YES;
				GCC_C_LANGUAGE_STANDARD = gnu99;
				GCC_DYNAMIC_NO_PIC = NO;
				GCC_OPTIMIZATION_LEVEL = 0;
				GCC_PREPROCESSOR_DEFINITIONS = (
					"DEBUG=1",
					"$(inherited)",
				);
				GCC_SYMBOLS_PRIVATE_EXTERN = NO;
				GCC_WARN_64_TO_32_BIT_CONVERSION = YES;
				GCC_WARN_ABOUT_RETURN_TYPE = YES_ERROR;
				GCC_WARN_UNDECLARED_SELECTOR = YES;
				GCC_WARN_UNINITIALIZED_AUTOS = YES_AGGRESSIVE;
				GCC_WARN_UNUSED_FUNCTION = YES;
				GCC_WARN_UNUSED_VARIABLE = YES;
				IPHONEOS_DEPLOYMENT_TARGET = 8.1;
				MTL_ENABLE_DEBUG_INFO = YES;
				ONLY_ACTIVE_ARCH = YES;
				SDKROOT = iphoneos;
			};
			name = Debug;
		};
		EBD058511A28F86C00001948 /* Release */ = {
			isa = XCBuildConfiguration;
			buildSettings = {
				ALWAYS_SEARCH_USER_PATHS = NO;
				CLANG_CXX_LANGUAGE_STANDARD = "gnu++0x";
				CLANG_CXX_LIBRARY = "libc++";
				CLANG_ENABLE_MODULES = YES;
				CLANG_ENABLE_OBJC_ARC = YES;
				CLANG_WARN_BOOL_CONVERSION = YES;
				CLANG_WARN_CONSTANT_CONVERSION = YES;
				CLANG_WARN_DIRECT_OBJC_ISA_USAGE = YES_ERROR;
				CLANG_WARN_EMPTY_BODY = YES;
				CLANG_WARN_ENUM_CONVERSION = YES;
				CLANG_WARN_INT_CONVERSION = YES;
				CLANG_WARN_OBJC_ROOT_CLASS = YES_ERROR;
				CLANG_WARN_UNREACHABLE_CODE = YES;
				CLANG_WARN__DUPLICATE_METHOD_MATCH = YES;
				"CODE_SIGN_IDENTITY[sdk=iphoneos*]" = "iPhone Developer";
				COPY_PHASE_STRIP = YES;
				ENABLE_NS_ASSERTIONS = NO;
				ENABLE_STRICT_OBJC_MSGSEND = YES;
				GCC_C_LANGUAGE_STANDARD = gnu99;
				GCC_WARN_64_TO_32_BIT_CONVERSION = YES;
				GCC_WARN_ABOUT_RETURN_TYPE = YES_ERROR;
				GCC_WARN_UNDECLARED_SELECTOR = YES;
				GCC_WARN_UNINITIALIZED_AUTOS = YES_AGGRESSIVE;
				GCC_WARN_UNUSED_FUNCTION = YES;
				GCC_WARN_UNUSED_VARIABLE = YES;
				IPHONEOS_DEPLOYMENT_TARGET = 8.1;
				MTL_ENABLE_DEBUG_INFO = NO;
				SDKROOT = iphoneos;
				VALIDATE_PRODUCT = YES;
			};
			name = Release;
		};
		EBD058531A28F86C00001948 /* Debug */ = {
			isa = XCBuildConfiguration;
			buildSettings = {
				ASSETCATALOG_COMPILER_APPICON_NAME = AppIcon;
				INFOPLIST_FILE = DemoAudioPlayer/Info.plist;
				LD_RUNPATH_SEARCH_PATHS = "$(inherited) @executable_path/Frameworks";
				PRODUCT_NAME = "$(TARGET_NAME)";
			};
			name = Debug;
		};
		EBD058541A28F86C00001948 /* Release */ = {
			isa = XCBuildConfiguration;
			buildSettings = {
				ASSETCATALOG_COMPILER_APPICON_NAME = AppIcon;
				INFOPLIST_FILE = DemoAudioPlayer/Info.plist;
				LD_RUNPATH_SEARCH_PATHS = "$(inherited) @executable_path/Frameworks";
				PRODUCT_NAME = "$(TARGET_NAME)";
			};
			name = Release;
		};
		EBD058561A28F86C00001948 /* Debug */ = {
			isa = XCBuildConfiguration;
			buildSettings = {
				BUNDLE_LOADER = "$(TEST_HOST)";
				FRAMEWORK_SEARCH_PATHS = (
					"$(SDKROOT)/Developer/Library/Frameworks",
					"$(inherited)",
				);
				GCC_PREPROCESSOR_DEFINITIONS = (
					"DEBUG=1",
					"$(inherited)",
				);
				INFOPLIST_FILE = DemoAudioPlayerTests/Info.plist;
				LD_RUNPATH_SEARCH_PATHS = "$(inherited) @executable_path/Frameworks @loader_path/Frameworks";
				PRODUCT_NAME = "$(TARGET_NAME)";
				TEST_HOST = "$(BUILT_PRODUCTS_DIR)/DemoAudioPlayer.app/DemoAudioPlayer";
			};
			name = Debug;
		};
		EBD058571A28F86C00001948 /* Release */ = {
			isa = XCBuildConfiguration;
			buildSettings = {
				BUNDLE_LOADER = "$(TEST_HOST)";
				FRAMEWORK_SEARCH_PATHS = (
					"$(SDKROOT)/Developer/Library/Frameworks",
					"$(inherited)",
				);
				INFOPLIST_FILE = DemoAudioPlayerTests/Info.plist;
				LD_RUNPATH_SEARCH_PATHS = "$(inherited) @executable_path/Frameworks @loader_path/Frameworks";
				PRODUCT_NAME = "$(TARGET_NAME)";
				TEST_HOST = "$(BUILT_PRODUCTS_DIR)/DemoAudioPlayer.app/DemoAudioPlayer";
			};
			name = Release;
		};
/* End XCBuildConfiguration section */

/* Begin XCConfigurationList section */
		EBD058271A28F86B00001948 /* Build configuration list for PBXProject "DemoAudioPlayer" */ = {
			isa = XCConfigurationList;
			buildConfigurations = (
				EBD058501A28F86B00001948 /* Debug */,
				EBD058511A28F86C00001948 /* Release */,
			);
			defaultConfigurationIsVisible = 0;
			defaultConfigurationName = Release;
		};
		EBD058521A28F86C00001948 /* Build configuration list for PBXNativeTarget "DemoAudioPlayer" */ = {
			isa = XCConfigurationList;
			buildConfigurations = (
				EBD058531A28F86C00001948 /* Debug */,
				EBD058541A28F86C00001948 /* Release */,
			);
			defaultConfigurationIsVisible = 0;
		};
		EBD058551A28F86C00001948 /* Build configuration list for PBXNativeTarget "DemoAudioPlayerTests" */ = {
			isa = XCConfigurationList;
			buildConfigurations = (
				EBD058561A28F86C00001948 /* Debug */,
				EBD058571A28F86C00001948 /* Release */,
			);
			defaultConfigurationIsVisible = 0;
		};
/* End XCConfigurationList section */

/* Begin XCVersionGroup section */
		EBD058361A28F86B00001948 /* DemoAudioPlayer.xcdatamodeld */ = {
			isa = XCVersionGroup;
			children = (
				EBD058371A28F86B00001948 /* DemoAudioPlayer.xcdatamodel */,
			);
			currentVersion = EBD058371A28F86B00001948 /* DemoAudioPlayer.xcdatamodel */;
			path = DemoAudioPlayer.xcdatamodeld;
			sourceTree = "<group>";
			versionGroupType = wrapper.xcdatamodel;
		};
/* End XCVersionGroup section */
	};
	rootObject = EBD058241A28F86B00001948 /* Project object */;
}
